{
  "lockfileVersion": 1,
  "workspaces": {
    "": {
      "name": "nwc-otm",
      "dependencies": {
        "applesauce-factory": "^4",
        "applesauce-relay": "^4",
        "applesauce-signers": "^4",
        "applesauce-wallet-connect": "^4",
        "nostr-tools": "^2.7.2",
        "rxjs": "^7.8.2",
      },
      "devDependencies": {
        "@types/bun": "latest",
      },
      "peerDependencies": {
        "typescript": "^5",
      },
    },
  },
  "packages": {
    "@cashu/cashu-ts": ["@cashu/cashu-ts@2.7.2", "", { "dependencies": { "@noble/curves": "^1.9.5", "@noble/hashes": "^1.5.0", "@scure/bip32": "^1.5.0" } }, "sha512-AOwL6+10AA0syRf2mtRYgoTvAz31gE4MnElj9TLS9xG3k8Msxy27awBlCX5MsBpBgcZZoqWOReYEuUgnbN3IQQ=="],

    "@noble/ciphers": ["@noble/ciphers@0.5.3", "", {}, "sha512-B0+6IIHiqEs3BPMT0hcRmHvEj2QHOLu+uwt+tqDDeVd0oyVzh7BPrDcPjRnV1PV/5LaknXJJQvOuRGR0zQJz+w=="],

    "@noble/curves": ["@noble/curves@1.2.0", "", { "dependencies": { "@noble/hashes": "1.3.2" } }, "sha512-oYclrNgRaM9SsBUBVbb8M6DTV7ZHRTKugureoYEncY5c65HOmRzvSiTE3y5CYaPYJA/GVkrhXEoF0M3Ya9PMnw=="],

    "@noble/hashes": ["@noble/hashes@1.8.0", "", {}, "sha512-jCs9ldd7NwzpgXDIf6P3+NrHh9/sD6CQdxHyjQI+h/6rDNo88ypBxxz45UDuZHz9r3tNz7N/VInSVoVdtXEI4A=="],

    "@noble/secp256k1": ["@noble/secp256k1@1.7.2", "", {}, "sha512-/qzwYl5eFLH8OWIecQWM31qld2g1NfjgylK+TNhqtaUKP37Nm+Y+z30Fjhw0Ct8p9yCQEm2N3W/AckdIb3SMcQ=="],

    "@scure/base": ["@scure/base@1.2.6", "", {}, "sha512-g/nm5FgUa//MCj1gV09zTJTaM6KBAHqLN907YVQqf7zC49+DcO4B1so4ZX07Ef10Twr6nuqYEH9GEggFXA4Fmg=="],

    "@scure/bip32": ["@scure/bip32@1.3.1", "", { "dependencies": { "@noble/curves": "~1.1.0", "@noble/hashes": "~1.3.1", "@scure/base": "~1.1.0" } }, "sha512-osvveYtyzdEVbt3OfwwXFr4P2iVBL5u1Q3q4ONBfDY/UpOuXmOlbgwc1xECEboY8wIays8Yt6onaWMUdUbfl0A=="],

    "@scure/bip39": ["@scure/bip39@1.2.1", "", { "dependencies": { "@noble/hashes": "~1.3.0", "@scure/base": "~1.1.0" } }, "sha512-Z3/Fsz1yr904dduJD0NpiyRHhRYHdcnyh73FZWiV+/qhWi83wNJ3NWolYqCEN+ZWsUz2TWwajJggcRE9r1zUYg=="],

    "@types/bun": ["@types/bun@1.2.23", "", { "dependencies": { "bun-types": "1.2.23" } }, "sha512-le8ueOY5b6VKYf19xT3McVbXqLqmxzPXHsQT/q9JHgikJ2X22wyTW3g3ohz2ZMnp7dod6aduIiq8A14Xyimm0A=="],

    "@types/debug": ["@types/debug@4.1.12", "", { "dependencies": { "@types/ms": "*" } }, "sha512-vIChWdVG3LG1SMxEvI/AK+FWJthlrqlTu7fbrlywTkkaONwk/UAGaULXRlf8vkzFBLVm0zkMdCquhL5aOjhXPQ=="],

    "@types/hast": ["@types/hast@3.0.4", "", { "dependencies": { "@types/unist": "*" } }, "sha512-WPs+bbQw5aCj+x6laNGWLH3wviHtoCv/P3+otBhbOhJgG8qtpdAMlTCxLtsTWA7LH1Oh/bFCHsBn0TPS5m30EQ=="],

    "@types/mdast": ["@types/mdast@4.0.4", "", { "dependencies": { "@types/unist": "*" } }, "sha512-kGaNbPh1k7AFzgpud/gMdvIm5xuECykRR+JnWKQno9TAXVa6WIVCGTPvYGekIDL4uwCZQSYbUxNBSb1aUo79oA=="],

    "@types/ms": ["@types/ms@2.1.0", "", {}, "sha512-GsCCIZDE/p3i96vtEqx+7dBUGXrc7zeSK3wwPHIaRThS+9OhWIXRqzs4d6k1SVU8g91DrNRWxWUGhp5KXQb2VA=="],

    "@types/node": ["@types/node@24.5.2", "", { "dependencies": { "undici-types": "~7.12.0" } }, "sha512-FYxk1I7wPv3K2XBaoyH2cTnocQEu8AOZ60hPbsyukMPLv5/5qr7V1i8PLHdl6Zf87I+xZXFvPCXYjiTFq+YSDQ=="],

    "@types/react": ["@types/react@19.1.15", "", { "dependencies": { "csstype": "^3.0.2" } }, "sha512-+kLxJpaJzXybyDyFXYADyP1cznTO8HSuBpenGlnKOAkH4hyNINiywvXS/tGJhsrGGP/gM185RA3xpjY0Yg4erA=="],

    "@types/unist": ["@types/unist@3.0.3", "", {}, "sha512-ko/gIFJRv177XgZsZcBwnqJN5x/Gien8qNOn0D5bQU/zAzVf9Zt3BlcUiLqhV9y4ARk0GbT3tnUiPNgnTXzc/Q=="],

    "applesauce-content": ["applesauce-content@4.0.0", "", { "dependencies": { "@cashu/cashu-ts": "^2.7.2", "@types/hast": "^3.0.4", "@types/mdast": "^4.0.4", "@types/unist": "^3.0.3", "applesauce-core": "^4.0.0", "mdast-util-find-and-replace": "^3.0.2", "nostr-tools": "~2.17", "remark": "^15.0.1", "remark-parse": "^11.0.0", "unified": "^11.0.5", "unist-util-visit-parents": "^6.0.1" } }, "sha512-2ZrhM/UCQkcZcAldXJX+KfWAPAtkoTXH5BwPhYpaMw0UgHjWX8mYiy/801PtLBr2gWkKd/Dw1obdNDcPUO3idw=="],

    "applesauce-core": ["applesauce-core@4.0.0", "", { "dependencies": { "@noble/hashes": "^1.7.1", "@scure/base": "^1.2.4", "debug": "^4.4.0", "fast-deep-equal": "^3.1.3", "hash-sum": "^2.0.0", "light-bolt11-decoder": "^3.2.0", "nanoid": "^5.0.9", "nostr-tools": "~2.17", "rxjs": "^7.8.1" } }, "sha512-cXg9lDU0PKpAeVw7FGN3jzKB/k9kX5YOI7uwzrZhibYB5PfpHAYRiVexxBuFdT2RNaDgQogXl75gV2hag5uLuw=="],

    "applesauce-factory": ["applesauce-factory@4.0.0", "", { "dependencies": { "applesauce-content": "^4.0.0", "applesauce-core": "^4.0.0", "nanoid": "^5.0.9", "nostr-tools": "^2.13" } }, "sha512-Sqsg+bC7CkRXMxXLkO6YGoKxy/Aqtia9YenasS5qjPOQFmyFMwKRxaHCu6vX6KdpNSABusw0b9Tnn4gTh6CxLw=="],

    "applesauce-relay": ["applesauce-relay@4.0.0", "", { "dependencies": { "@noble/hashes": "^1.7.1", "applesauce-core": "^4.0.0", "nanoid": "^5.0.9", "nostr-tools": "~2.17", "rxjs": "^7.8.1" } }, "sha512-qoWjh9dABdL7AuSe4cmKiyZhNvrVZBRXA1GQgWiKSynm+rNYP+6Rc4SDT3vndNMqx9jRKbL4jwvKeU5vkVpFRA=="],

    "applesauce-signers": ["applesauce-signers@4.0.0", "", { "dependencies": { "@noble/hashes": "^1.7.1", "@noble/secp256k1": "^1.7.1", "@scure/base": "^1.2.4", "applesauce-core": "^4.0.0", "debug": "^4.4.0", "nanoid": "^5.0.9", "nostr-tools": "~2.17", "rxjs": "^7.8.2" } }, "sha512-AHrPtH1Oy0l1OS7jwd/DfseUpOhTE8JhZIUIElcQgAlqE7Cgg5FO+LF7dWRPUNb3zn8P+mzEQN2wJhby84SNcA=="],

    "applesauce-wallet-connect": ["applesauce-wallet-connect@4.0.0", "", { "dependencies": { "@noble/hashes": "^1.7.1", "applesauce-core": "^4.0.0", "applesauce-factory": "^4.0.0", "nostr-tools": "~2.17", "rxjs": "^7.8.1" } }, "sha512-PkTvKM/9dk17ePw+g2lbrIhk+8/sLfI+UMzpn2uzpkNh8BFpiDc6/dYdWwFGyA5BO5NaJBUij1hO7sqrCGX9kw=="],

    "bail": ["bail@2.0.2", "", {}, "sha512-0xO6mYd7JB2YesxDKplafRpsiOzPt9V02ddPCLbY1xYGPOX24NTyN50qnUxgCPcSoYMhKpAuBTjQoRZCAkUDRw=="],

    "bun-types": ["bun-types@1.2.23", "", { "dependencies": { "@types/node": "*" }, "peerDependencies": { "@types/react": "^19" } }, "sha512-R9f0hKAZXgFU3mlrA0YpE/fiDvwV0FT9rORApt2aQVWSuJDzZOyB5QLc0N/4HF57CS8IXJ6+L5E4W1bW6NS2Aw=="],

    "character-entities": ["character-entities@2.0.2", "", {}, "sha512-shx7oQ0Awen/BRIdkjkvz54PnEEI/EjwXDSIZp86/KKdbafHh1Df/RYGBhn4hbe2+uKC9FnT5UCEdyPz3ai9hQ=="],

    "csstype": ["csstype@3.1.3", "", {}, "sha512-M1uQkMl8rQK/szD0LNhtqxIPLpimGm8sOBwU7lLnCpSbTyY3yeU1Vc7l4KT5zT4s/yOxHH5O7tIuuLOCnLADRw=="],

    "debug": ["debug@4.4.3", "", { "dependencies": { "ms": "^2.1.3" } }, "sha512-RGwwWnwQvkVfavKVt22FGLw+xYSdzARwm0ru6DhTVA3umU5hZc28V3kO4stgYryrTlLpuvgI9GiijltAjNbcqA=="],

    "decode-named-character-reference": ["decode-named-character-reference@1.2.0", "", { "dependencies": { "character-entities": "^2.0.0" } }, "sha512-c6fcElNV6ShtZXmsgNgFFV5tVX2PaV4g+MOAkb8eXHvn6sryJBrZa9r0zV6+dtTyoCKxtDy5tyQ5ZwQuidtd+Q=="],

    "dequal": ["dequal@2.0.3", "", {}, "sha512-0je+qPKHEMohvfRTCEo3CrPG6cAzAYgmzKyxRiYSSDkS6eGJdyVJm7WaYA5ECaAD9wLB2T4EEeymA5aFVcYXCA=="],

    "devlop": ["devlop@1.1.0", "", { "dependencies": { "dequal": "^2.0.0" } }, "sha512-RWmIqhcFf1lRYBvNmr7qTNuyCt/7/ns2jbpp1+PalgE/rDQcBT0fioSMUpJ93irlUhC5hrg4cYqe6U+0ImW0rA=="],

    "escape-string-regexp": ["escape-string-regexp@5.0.0", "", {}, "sha512-/veY75JbMK4j1yjvuUxuVsiS/hr/4iHs9FTT6cgTexxdE0Ly/glccBAkloH/DofkjRbZU3bnoj38mOmhkZ0lHw=="],

    "extend": ["extend@3.0.2", "", {}, "sha512-fjquC59cD7CyW6urNXK0FBufkZcoiGG80wTuPujX590cB5Ttln20E2UB4S/WARVqhXffZl2LNgS+gQdPIIim/g=="],

    "fast-deep-equal": ["fast-deep-equal@3.1.3", "", {}, "sha512-f3qQ9oQy9j2AhBe/H9VC91wLmKBCCU/gDOnKNAYG5hswO7BLKj09Hc5HYNz9cGI++xlpDCIgDaitVs03ATR84Q=="],

    "hash-sum": ["hash-sum@2.0.0", "", {}, "sha512-WdZTbAByD+pHfl/g9QSsBIIwy8IT+EsPiKDs0KNX+zSHhdDLFKdZu0BQHljvO+0QI/BasbMSUa8wYNCZTvhslg=="],

    "is-plain-obj": ["is-plain-obj@4.1.0", "", {}, "sha512-+Pgi+vMuUNkJyExiMBt5IlFoMyKnr5zhJ4Uspz58WOhBF5QoIZkFyNHIbBAtHwzVAgk5RtndVNsDRN61/mmDqg=="],

    "light-bolt11-decoder": ["light-bolt11-decoder@3.2.0", "", { "dependencies": { "@scure/base": "1.1.1" } }, "sha512-3QEofgiBOP4Ehs9BI+RkZdXZNtSys0nsJ6fyGeSiAGCBsMwHGUDS/JQlY/sTnWs91A2Nh0S9XXfA8Sy9g6QpuQ=="],

    "longest-streak": ["longest-streak@3.1.0", "", {}, "sha512-9Ri+o0JYgehTaVBBDoMqIl8GXtbWg711O3srftcHhZ0dqnETqLaoIK0x17fUw9rFSlK/0NlsKe0Ahhyl5pXE2g=="],

    "mdast-util-find-and-replace": ["mdast-util-find-and-replace@3.0.2", "", { "dependencies": { "@types/mdast": "^4.0.0", "escape-string-regexp": "^5.0.0", "unist-util-is": "^6.0.0", "unist-util-visit-parents": "^6.0.0" } }, "sha512-Tmd1Vg/m3Xz43afeNxDIhWRtFZgM2VLyaf4vSTYwudTyeuTneoL3qtWMA5jeLyz/O1vDJmmV4QuScFCA2tBPwg=="],

    "mdast-util-from-markdown": ["mdast-util-from-markdown@2.0.2", "", { "dependencies": { "@types/mdast": "^4.0.0", "@types/unist": "^3.0.0", "decode-named-character-reference": "^1.0.0", "devlop": "^1.0.0", "mdast-util-to-string": "^4.0.0", "micromark": "^4.0.0", "micromark-util-decode-numeric-character-reference": "^2.0.0", "micromark-util-decode-string": "^2.0.0", "micromark-util-normalize-identifier": "^2.0.0", "micromark-util-symbol": "^2.0.0", "micromark-util-types": "^2.0.0", "unist-util-stringify-position": "^4.0.0" } }, "sha512-uZhTV/8NBuw0WHkPTrCqDOl0zVe1BIng5ZtHoDk49ME1qqcjYmmLmOf0gELgcRMxN4w2iuIeVso5/6QymSrgmA=="],

    "mdast-util-phrasing": ["mdast-util-phrasing@4.1.0", "", { "dependencies": { "@types/mdast": "^4.0.0", "unist-util-is": "^6.0.0" } }, "sha512-TqICwyvJJpBwvGAMZjj4J2n0X8QWp21b9l0o7eXyVJ25YNWYbJDVIyD1bZXE6WtV6RmKJVYmQAKWa0zWOABz2w=="],

    "mdast-util-to-markdown": ["mdast-util-to-markdown@2.1.2", "", { "dependencies": { "@types/mdast": "^4.0.0", "@types/unist": "^3.0.0", "longest-streak": "^3.0.0", "mdast-util-phrasing": "^4.0.0", "mdast-util-to-string": "^4.0.0", "micromark-util-classify-character": "^2.0.0", "micromark-util-decode-string": "^2.0.0", "unist-util-visit": "^5.0.0", "zwitch": "^2.0.0" } }, "sha512-xj68wMTvGXVOKonmog6LwyJKrYXZPvlwabaryTjLh9LuvovB/KAH+kvi8Gjj+7rJjsFi23nkUxRQv1KqSroMqA=="],

    "mdast-util-to-string": ["mdast-util-to-string@4.0.0", "", { "dependencies": { "@types/mdast": "^4.0.0" } }, "sha512-0H44vDimn51F0YwvxSJSm0eCDOJTRlmN0R1yBh4HLj9wiV1Dn0QoXGbvFAWj2hSItVTlCmBF1hqKlIyUBVFLPg=="],

    "micromark": ["micromark@4.0.2", "", { "dependencies": { "@types/debug": "^4.0.0", "debug": "^4.0.0", "decode-named-character-reference": "^1.0.0", "devlop": "^1.0.0", "micromark-core-commonmark": "^2.0.0", "micromark-factory-space": "^2.0.0", "micromark-util-character": "^2.0.0", "micromark-util-chunked": "^2.0.0", "micromark-util-combine-extensions": "^2.0.0", "micromark-util-decode-numeric-character-reference": "^2.0.0", "micromark-util-encode": "^2.0.0", "micromark-util-normalize-identifier": "^2.0.0", "micromark-util-resolve-all": "^2.0.0", "micromark-util-sanitize-uri": "^2.0.0", "micromark-util-subtokenize": "^2.0.0", "micromark-util-symbol": "^2.0.0", "micromark-util-types": "^2.0.0" } }, "sha512-zpe98Q6kvavpCr1NPVSCMebCKfD7CA2NqZ+rykeNhONIJBpc1tFKt9hucLGwha3jNTNI8lHpctWJWoimVF4PfA=="],

    "micromark-core-commonmark": ["micromark-core-commonmark@2.0.3", "", { "dependencies": { "decode-named-character-reference": "^1.0.0", "devlop": "^1.0.0", "micromark-factory-destination": "^2.0.0", "micromark-factory-label": "^2.0.0", "micromark-factory-space": "^2.0.0", "micromark-factory-title": "^2.0.0", "micromark-factory-whitespace": "^2.0.0", "micromark-util-character": "^2.0.0", "micromark-util-chunked": "^2.0.0", "micromark-util-classify-character": "^2.0.0", "micromark-util-html-tag-name": "^2.0.0", "micromark-util-normalize-identifier": "^2.0.0", "micromark-util-resolve-all": "^2.0.0", "micromark-util-subtokenize": "^2.0.0", "micromark-util-symbol": "^2.0.0", "micromark-util-types": "^2.0.0" } }, "sha512-RDBrHEMSxVFLg6xvnXmb1Ayr2WzLAWjeSATAoxwKYJV94TeNavgoIdA0a9ytzDSVzBy2YKFK+emCPOEibLeCrg=="],

    "micromark-factory-destination": ["micromark-factory-destination@2.0.1", "", { "dependencies": { "micromark-util-character": "^2.0.0", "micromark-util-symbol": "^2.0.0", "micromark-util-types": "^2.0.0" } }, "sha512-Xe6rDdJlkmbFRExpTOmRj9N3MaWmbAgdpSrBQvCFqhezUn4AHqJHbaEnfbVYYiexVSs//tqOdY/DxhjdCiJnIA=="],

    "micromark-factory-label": ["micromark-factory-label@2.0.1", "", { "dependencies": { "devlop": "^1.0.0", "micromark-util-character": "^2.0.0", "micromark-util-symbol": "^2.0.0", "micromark-util-types": "^2.0.0" } }, "sha512-VFMekyQExqIW7xIChcXn4ok29YE3rnuyveW3wZQWWqF4Nv9Wk5rgJ99KzPvHjkmPXF93FXIbBp6YdW3t71/7Vg=="],

    "micromark-factory-space": ["micromark-factory-space@2.0.1", "", { "dependencies": { "micromark-util-character": "^2.0.0", "micromark-util-types": "^2.0.0" } }, "sha512-zRkxjtBxxLd2Sc0d+fbnEunsTj46SWXgXciZmHq0kDYGnck/ZSGj9/wULTV95uoeYiK5hRXP2mJ98Uo4cq/LQg=="],

    "micromark-factory-title": ["micromark-factory-title@2.0.1", "", { "dependencies": { "micromark-factory-space": "^2.0.0", "micromark-util-character": "^2.0.0", "micromark-util-symbol": "^2.0.0", "micromark-util-types": "^2.0.0" } }, "sha512-5bZ+3CjhAd9eChYTHsjy6TGxpOFSKgKKJPJxr293jTbfry2KDoWkhBb6TcPVB4NmzaPhMs1Frm9AZH7OD4Cjzw=="],

    "micromark-factory-whitespace": ["micromark-factory-whitespace@2.0.1", "", { "dependencies": { "micromark-factory-space": "^2.0.0", "micromark-util-character": "^2.0.0", "micromark-util-symbol": "^2.0.0", "micromark-util-types": "^2.0.0" } }, "sha512-Ob0nuZ3PKt/n0hORHyvoD9uZhr+Za8sFoP+OnMcnWK5lngSzALgQYKMr9RJVOWLqQYuyn6ulqGWSXdwf6F80lQ=="],

    "micromark-util-character": ["micromark-util-character@2.1.1", "", { "dependencies": { "micromark-util-symbol": "^2.0.0", "micromark-util-types": "^2.0.0" } }, "sha512-wv8tdUTJ3thSFFFJKtpYKOYiGP2+v96Hvk4Tu8KpCAsTMs6yi+nVmGh1syvSCsaxz45J6Jbw+9DD6g97+NV67Q=="],

    "micromark-util-chunked": ["micromark-util-chunked@2.0.1", "", { "dependencies": { "micromark-util-symbol": "^2.0.0" } }, "sha512-QUNFEOPELfmvv+4xiNg2sRYeS/P84pTW0TCgP5zc9FpXetHY0ab7SxKyAQCNCc1eK0459uoLI1y5oO5Vc1dbhA=="],

    "micromark-util-classify-character": ["micromark-util-classify-character@2.0.1", "", { "dependencies": { "micromark-util-character": "^2.0.0", "micromark-util-symbol": "^2.0.0", "micromark-util-types": "^2.0.0" } }, "sha512-K0kHzM6afW/MbeWYWLjoHQv1sgg2Q9EccHEDzSkxiP/EaagNzCm7T/WMKZ3rjMbvIpvBiZgwR3dKMygtA4mG1Q=="],

    "micromark-util-combine-extensions": ["micromark-util-combine-extensions@2.0.1", "", { "dependencies": { "micromark-util-chunked": "^2.0.0", "micromark-util-types": "^2.0.0" } }, "sha512-OnAnH8Ujmy59JcyZw8JSbK9cGpdVY44NKgSM7E9Eh7DiLS2E9RNQf0dONaGDzEG9yjEl5hcqeIsj4hfRkLH/Bg=="],

    "micromark-util-decode-numeric-character-reference": ["micromark-util-decode-numeric-character-reference@2.0.2", "", { "dependencies": { "micromark-util-symbol": "^2.0.0" } }, "sha512-ccUbYk6CwVdkmCQMyr64dXz42EfHGkPQlBj5p7YVGzq8I7CtjXZJrubAYezf7Rp+bjPseiROqe7G6foFd+lEuw=="],

    "micromark-util-decode-string": ["micromark-util-decode-string@2.0.1", "", { "dependencies": { "decode-named-character-reference": "^1.0.0", "micromark-util-character": "^2.0.0", "micromark-util-decode-numeric-character-reference": "^2.0.0", "micromark-util-symbol": "^2.0.0" } }, "sha512-nDV/77Fj6eH1ynwscYTOsbK7rR//Uj0bZXBwJZRfaLEJ1iGBR6kIfNmlNqaqJf649EP0F3NWNdeJi03elllNUQ=="],

    "micromark-util-encode": ["micromark-util-encode@2.0.1", "", {}, "sha512-c3cVx2y4KqUnwopcO9b/SCdo2O67LwJJ/UyqGfbigahfegL9myoEFoDYZgkT7f36T0bLrM9hZTAaAyH+PCAXjw=="],

    "micromark-util-html-tag-name": ["micromark-util-html-tag-name@2.0.1", "", {}, "sha512-2cNEiYDhCWKI+Gs9T0Tiysk136SnR13hhO8yW6BGNyhOC4qYFnwF1nKfD3HFAIXA5c45RrIG1ub11GiXeYd1xA=="],

    "micromark-util-normalize-identifier": ["micromark-util-normalize-identifier@2.0.1", "", { "dependencies": { "micromark-util-symbol": "^2.0.0" } }, "sha512-sxPqmo70LyARJs0w2UclACPUUEqltCkJ6PhKdMIDuJ3gSf/Q+/GIe3WKl0Ijb/GyH9lOpUkRAO2wp0GVkLvS9Q=="],

    "micromark-util-resolve-all": ["micromark-util-resolve-all@2.0.1", "", { "dependencies": { "micromark-util-types": "^2.0.0" } }, "sha512-VdQyxFWFT2/FGJgwQnJYbe1jjQoNTS4RjglmSjTUlpUMa95Htx9NHeYW4rGDJzbjvCsl9eLjMQwGeElsqmzcHg=="],

    "micromark-util-sanitize-uri": ["micromark-util-sanitize-uri@2.0.1", "", { "dependencies": { "micromark-util-character": "^2.0.0", "micromark-util-encode": "^2.0.0", "micromark-util-symbol": "^2.0.0" } }, "sha512-9N9IomZ/YuGGZZmQec1MbgxtlgougxTodVwDzzEouPKo3qFWvymFHWcnDi2vzV1ff6kas9ucW+o3yzJK9YB1AQ=="],

    "micromark-util-subtokenize": ["micromark-util-subtokenize@2.1.0", "", { "dependencies": { "devlop": "^1.0.0", "micromark-util-chunked": "^2.0.0", "micromark-util-symbol": "^2.0.0", "micromark-util-types": "^2.0.0" } }, "sha512-XQLu552iSctvnEcgXw6+Sx75GflAPNED1qx7eBJ+wydBb2KCbRZe+NwvIEEMM83uml1+2WSXpBAcp9IUCgCYWA=="],

    "micromark-util-symbol": ["micromark-util-symbol@2.0.1", "", {}, "sha512-vs5t8Apaud9N28kgCrRUdEed4UJ+wWNvicHLPxCa9ENlYuAY31M0ETy5y1vA33YoNPDFTghEbnh6efaE8h4x0Q=="],

    "micromark-util-types": ["micromark-util-types@2.0.2", "", {}, "sha512-Yw0ECSpJoViF1qTU4DC6NwtC4aWGt1EkzaQB8KPPyCRR8z9TWeV0HbEFGTO+ZY1wB22zmxnJqhPyTpOVCpeHTA=="],

    "ms": ["ms@2.1.3", "", {}, "sha512-6FlzubTLZG3J2a/NVCAleEhjzq5oxgHyaCU9yYXvcLsvoVaHJq/s5xXI6/XXP6tz7R9xAOtHnSO/tXtF3WRTlA=="],

    "nanoid": ["nanoid@5.1.6", "", { "bin": { "nanoid": "bin/nanoid.js" } }, "sha512-c7+7RQ+dMB5dPwwCp4ee1/iV/q2P6aK1mTZcfr1BTuVlyW9hJYiMPybJCcnBlQtuSmTIWNeazm/zqNoZSSElBg=="],

    "nostr-tools": ["nostr-tools@2.15.2", "", { "dependencies": { "@noble/ciphers": "^0.5.1", "@noble/curves": "1.2.0", "@noble/hashes": "1.3.1", "@scure/base": "1.1.1", "@scure/bip32": "1.3.1", "@scure/bip39": "1.2.1", "nostr-wasm": "0.1.0" }, "peerDependencies": { "typescript": ">=5.0.0" }, "optionalPeers": ["typescript"] }, "sha512-utmqVVS4HMDiwhIgI6Cr+KqA4aUhF3Sb755iO/qCiqxc5H9JW/9Z3N1RO/jKWpjP6q/Vx0lru7IYuiPvk+2/ng=="],

    "nostr-wasm": ["nostr-wasm@0.1.0", "", {}, "sha512-78BTryCLcLYv96ONU8Ws3Q1JzjlAt+43pWQhIl86xZmWeegYCNLPml7yQ+gG3vR6V5h4XGj+TxO+SS5dsThQIA=="],

    "remark": ["remark@15.0.1", "", { "dependencies": { "@types/mdast": "^4.0.0", "remark-parse": "^11.0.0", "remark-stringify": "^11.0.0", "unified": "^11.0.0" } }, "sha512-Eht5w30ruCXgFmxVUSlNWQ9iiimq07URKeFS3hNc8cUWy1llX4KDWfyEDZRycMc+znsN9Ux5/tJ/BFdgdOwA3A=="],

    "remark-parse": ["remark-parse@11.0.0", "", { "dependencies": { "@types/mdast": "^4.0.0", "mdast-util-from-markdown": "^2.0.0", "micromark-util-types": "^2.0.0", "unified": "^11.0.0" } }, "sha512-FCxlKLNGknS5ba/1lmpYijMUzX2esxW5xQqjWxw2eHFfS2MSdaHVINFmhjo+qN1WhZhNimq0dZATN9pH0IDrpA=="],

    "remark-stringify": ["remark-stringify@11.0.0", "", { "dependencies": { "@types/mdast": "^4.0.0", "mdast-util-to-markdown": "^2.0.0", "unified": "^11.0.0" } }, "sha512-1OSmLd3awB/t8qdoEOMazZkNsfVTeY4fTsgzcQFdXNq8ToTN4ZGwrMnlda4K6smTFKD+GRV6O48i6Z4iKgPPpw=="],

    "rxjs": ["rxjs@7.8.2", "", { "dependencies": { "tslib": "^2.1.0" } }, "sha512-dhKf903U/PQZY6boNNtAGdWbG85WAbjT/1xYoZIC7FAY0yWapOBQVsVrDl58W86//e1VpMNBtRV4MaXfdMySFA=="],

    "trough": ["trough@2.2.0", "", {}, "sha512-tmMpK00BjZiUyVyvrBK7knerNgmgvcV/KLVyuma/SC+TQN167GrMRciANTz09+k3zW8L8t60jWO1GpfkZdjTaw=="],

    "tslib": ["tslib@2.8.1", "", {}, "sha512-oJFu94HQb+KVduSUQL7wnpmqnfmLsOA/nAh6b6EH0wCEoK0/mPeXU6c3wKDV83MkOuHPRHtSXKKU99IBazS/2w=="],

    "typescript": ["typescript@5.9.2", "", { "bin": { "tsc": "bin/tsc", "tsserver": "bin/tsserver" } }, "sha512-CWBzXQrc/qOkhidw1OzBTQuYRbfyxDXJMVJ1XNwUHGROVmuaeiEm3OslpZ1RV96d7SKKjZKrSJu3+t/xlw3R9A=="],

    "undici-types": ["undici-types@7.12.0", "", {}, "sha512-goOacqME2GYyOZZfb5Lgtu+1IDmAlAEu5xnD3+xTzS10hT0vzpf0SPjkXwAw9Jm+4n/mQGDP3LO8CPbYROeBfQ=="],

    "unified": ["unified@11.0.5", "", { "dependencies": { "@types/unist": "^3.0.0", "bail": "^2.0.0", "devlop": "^1.0.0", "extend": "^3.0.0", "is-plain-obj": "^4.0.0", "trough": "^2.0.0", "vfile": "^6.0.0" } }, "sha512-xKvGhPWw3k84Qjh8bI3ZeJjqnyadK+GEFtazSfZv/rKeTkTjOJho6mFqh2SM96iIcZokxiOpg78GazTSg8+KHA=="],

    "unist-util-is": ["unist-util-is@6.0.0", "", { "dependencies": { "@types/unist": "^3.0.0" } }, "sha512-2qCTHimwdxLfz+YzdGfkqNlH0tLi9xjTnHddPmJwtIG9MGsdbutfTc4P+haPD7l7Cjxf/WZj+we5qfVPvvxfYw=="],

    "unist-util-stringify-position": ["unist-util-stringify-position@4.0.0", "", { "dependencies": { "@types/unist": "^3.0.0" } }, "sha512-0ASV06AAoKCDkS2+xw5RXJywruurpbC4JZSm7nr7MOt1ojAzvyyaO+UxZf18j8FCF6kmzCZKcAgN/yu2gm2XgQ=="],

    "unist-util-visit": ["unist-util-visit@5.0.0", "", { "dependencies": { "@types/unist": "^3.0.0", "unist-util-is": "^6.0.0", "unist-util-visit-parents": "^6.0.0" } }, "sha512-MR04uvD+07cwl/yhVuVWAtw+3GOR/knlL55Nd/wAdblk27GCVt3lqpTivy/tkJcZoNPzTwS1Y+KMojlLDhoTzg=="],

    "unist-util-visit-parents": ["unist-util-visit-parents@6.0.1", "", { "dependencies": { "@types/unist": "^3.0.0", "unist-util-is": "^6.0.0" } }, "sha512-L/PqWzfTP9lzzEa6CKs0k2nARxTdZduw3zyh8d2NVBnsyvHjSX4TWse388YrrQKbvI8w20fGjGlhgT96WwKykw=="],

    "vfile": ["vfile@6.0.3", "", { "dependencies": { "@types/unist": "^3.0.0", "vfile-message": "^4.0.0" } }, "sha512-KzIbH/9tXat2u30jf+smMwFCsno4wHVdNmzFyL+T/L3UGqqk6JKfVqOFOZEpZSHADH1k40ab6NUIXZq422ov3Q=="],

    "vfile-message": ["vfile-message@4.0.3", "", { "dependencies": { "@types/unist": "^3.0.0", "unist-util-stringify-position": "^4.0.0" } }, "sha512-QTHzsGd1EhbZs4AsQ20JX1rC3cOlt/IWJruk893DfLRr57lcnOeMaWG4K0JrRta4mIJZKth2Au3mM3u03/JWKw=="],

    "zwitch": ["zwitch@2.0.4", "", {}, "sha512-bXE4cR/kVZhKZX/RjPEflHaKVhUVl85noU3v6b8apfQEc1x4A+zBxjZ4lN8LqGd6WZ3dl98pY4o717VFmoPp+A=="],

    "@cashu/cashu-ts/@noble/curves": ["@noble/curves@1.9.7", "", { "dependencies": { "@noble/hashes": "1.8.0" } }, "sha512-gbKGcRUYIjA3/zCCNaWDciTMFI0dCkvou3TL8Zmy5Nc7sJ47a0jtOeZoTaMxkuqRo9cRhjOdZJXegxYE5FN/xw=="],

    "@cashu/cashu-ts/@scure/bip32": ["@scure/bip32@1.7.0", "", { "dependencies": { "@noble/curves": "~1.9.0", "@noble/hashes": "~1.8.0", "@scure/base": "~1.2.5" } }, "sha512-E4FFX/N3f4B80AKWp5dP6ow+flD1LQZo/w8UnLGYZO674jS6YnYeepycOOksv+vLPSpgN35wgKgy+ybfTb2SMw=="],

    "@noble/curves/@noble/hashes": ["@noble/hashes@1.3.2", "", {}, "sha512-MVC8EAQp7MvEcm30KWENFjgR+Mkmf+D189XJTkFIlwohU5hcBbn1ZkKq7KVTi2Hme3PMGF390DaL52beVrIihQ=="],

    "@scure/bip32/@noble/curves": ["@noble/curves@1.1.0", "", { "dependencies": { "@noble/hashes": "1.3.1" } }, "sha512-091oBExgENk/kGj3AZmtBDMpxQPDtxQABR2B9lb1JbVTs6ytdzZNwvhxQ4MWasRNEzlbEH8jCWFCwhF/Obj5AA=="],

    "@scure/bip32/@noble/hashes": ["@noble/hashes@1.3.1", "", {}, "sha512-EbqwksQwz9xDRGfDST86whPBgM65E0OH/pCgqW0GBVzO22bNE+NuIbeTb714+IfSjU3aRk47EUvXIb5bTsenKA=="],

    "@scure/bip32/@scure/base": ["@scure/base@1.1.1", "", {}, "sha512-ZxOhsSyxYwLJj3pLZCefNitxsj093tb2vq90mp2txoYeBqbcjDjqFhyM8eUjq/uFm6zJ+mUuqxlS2FkuSY1MTA=="],

    "@scure/bip39/@noble/hashes": ["@noble/hashes@1.3.1", "", {}, "sha512-EbqwksQwz9xDRGfDST86whPBgM65E0OH/pCgqW0GBVzO22bNE+NuIbeTb714+IfSjU3aRk47EUvXIb5bTsenKA=="],

    "@scure/bip39/@scure/base": ["@scure/base@1.1.1", "", {}, "sha512-ZxOhsSyxYwLJj3pLZCefNitxsj093tb2vq90mp2txoYeBqbcjDjqFhyM8eUjq/uFm6zJ+mUuqxlS2FkuSY1MTA=="],

    "applesauce-content/nostr-tools": ["nostr-tools@2.17.0", "", { "dependencies": { "@noble/ciphers": "^0.5.1", "@noble/curves": "1.2.0", "@noble/hashes": "1.3.1", "@scure/base": "1.1.1", "@scure/bip32": "1.3.1", "@scure/bip39": "1.2.1", "nostr-wasm": "0.1.0" }, "peerDependencies": { "typescript": ">=5.0.0" }, "optionalPeers": ["typescript"] }, "sha512-lrvHM7cSaGhz7F0YuBvgHMoU2s8/KuThihDoOYk8w5gpVHTy0DeUCAgCN8uLGeuSl5MAWekJr9Dkfo5HClqO9w=="],

    "applesauce-core/nostr-tools": ["nostr-tools@2.17.0", "", { "dependencies": { "@noble/ciphers": "^0.5.1", "@noble/curves": "1.2.0", "@noble/hashes": "1.3.1", "@scure/base": "1.1.1", "@scure/bip32": "1.3.1", "@scure/bip39": "1.2.1", "nostr-wasm": "0.1.0" }, "peerDependencies": { "typescript": ">=5.0.0" }, "optionalPeers": ["typescript"] }, "sha512-lrvHM7cSaGhz7F0YuBvgHMoU2s8/KuThihDoOYk8w5gpVHTy0DeUCAgCN8uLGeuSl5MAWekJr9Dkfo5HClqO9w=="],

    "applesauce-factory/nostr-tools": ["nostr-tools@2.17.0", "", { "dependencies": { "@noble/ciphers": "^0.5.1", "@noble/curves": "1.2.0", "@noble/hashes": "1.3.1", "@scure/base": "1.1.1", "@scure/bip32": "1.3.1", "@scure/bip39": "1.2.1", "nostr-wasm": "0.1.0" }, "peerDependencies": { "typescript": ">=5.0.0" }, "optionalPeers": ["typescript"] }, "sha512-lrvHM7cSaGhz7F0YuBvgHMoU2s8/KuThihDoOYk8w5gpVHTy0DeUCAgCN8uLGeuSl5MAWekJr9Dkfo5HClqO9w=="],

    "applesauce-relay/nostr-tools": ["nostr-tools@2.17.0", "", { "dependencies": { "@noble/ciphers": "^0.5.1", "@noble/curves": "1.2.0", "@noble/hashes": "1.3.1", "@scure/base": "1.1.1", "@scure/bip32": "1.3.1", "@scure/bip39": "1.2.1", "nostr-wasm": "0.1.0" }, "peerDependencies": { "typescript": ">=5.0.0" }, "optionalPeers": ["typescript"] }, "sha512-lrvHM7cSaGhz7F0YuBvgHMoU2s8/KuThihDoOYk8w5gpVHTy0DeUCAgCN8uLGeuSl5MAWekJr9Dkfo5HClqO9w=="],

    "applesauce-signers/nostr-tools": ["nostr-tools@2.17.0", "", { "dependencies": { "@noble/ciphers": "^0.5.1", "@noble/curves": "1.2.0", "@noble/hashes": "1.3.1", "@scure/base": "1.1.1", "@scure/bip32": "1.3.1", "@scure/bip39": "1.2.1", "nostr-wasm": "0.1.0" }, "peerDependencies": { "typescript": ">=5.0.0" }, "optionalPeers": ["typescript"] }, "sha512-lrvHM7cSaGhz7F0YuBvgHMoU2s8/KuThihDoOYk8w5gpVHTy0DeUCAgCN8uLGeuSl5MAWekJr9Dkfo5HClqO9w=="],

    "applesauce-wallet-connect/nostr-tools": ["nostr-tools@2.17.0", "", { "dependencies": { "@noble/ciphers": "^0.5.1", "@noble/curves": "1.2.0", "@noble/hashes": "1.3.1", "@scure/base": "1.1.1", "@scure/bip32": "1.3.1", "@scure/bip39": "1.2.1", "nostr-wasm": "0.1.0" }, "peerDependencies": { "typescript": ">=5.0.0" }, "optionalPeers": ["typescript"] }, "sha512-lrvHM7cSaGhz7F0YuBvgHMoU2s8/KuThihDoOYk8w5gpVHTy0DeUCAgCN8uLGeuSl5MAWekJr9Dkfo5HClqO9w=="],

    "light-bolt11-decoder/@scure/base": ["@scure/base@1.1.1", "", {}, "sha512-ZxOhsSyxYwLJj3pLZCefNitxsj093tb2vq90mp2txoYeBqbcjDjqFhyM8eUjq/uFm6zJ+mUuqxlS2FkuSY1MTA=="],

    "nostr-tools/@noble/hashes": ["@noble/hashes@1.3.1", "", {}, "sha512-EbqwksQwz9xDRGfDST86whPBgM65E0OH/pCgqW0GBVzO22bNE+NuIbeTb714+IfSjU3aRk47EUvXIb5bTsenKA=="],

    "nostr-tools/@scure/base": ["@scure/base@1.1.1", "", {}, "sha512-ZxOhsSyxYwLJj3pLZCefNitxsj093tb2vq90mp2txoYeBqbcjDjqFhyM8eUjq/uFm6zJ+mUuqxlS2FkuSY1MTA=="],

    "applesauce-content/nostr-tools/@noble/hashes": ["@noble/hashes@1.3.1", "", {}, "sha512-EbqwksQwz9xDRGfDST86whPBgM65E0OH/pCgqW0GBVzO22bNE+NuIbeTb714+IfSjU3aRk47EUvXIb5bTsenKA=="],

    "applesauce-content/nostr-tools/@scure/base": ["@scure/base@1.1.1", "", {}, "sha512-ZxOhsSyxYwLJj3pLZCefNitxsj093tb2vq90mp2txoYeBqbcjDjqFhyM8eUjq/uFm6zJ+mUuqxlS2FkuSY1MTA=="],

    "applesauce-core/nostr-tools/@noble/hashes": ["@noble/hashes@1.3.1", "", {}, "sha512-EbqwksQwz9xDRGfDST86whPBgM65E0OH/pCgqW0GBVzO22bNE+NuIbeTb714+IfSjU3aRk47EUvXIb5bTsenKA=="],

    "applesauce-core/nostr-tools/@scure/base": ["@scure/base@1.1.1", "", {}, "sha512-ZxOhsSyxYwLJj3pLZCefNitxsj093tb2vq90mp2txoYeBqbcjDjqFhyM8eUjq/uFm6zJ+mUuqxlS2FkuSY1MTA=="],

    "applesauce-factory/nostr-tools/@noble/hashes": ["@noble/hashes@1.3.1", "", {}, "sha512-EbqwksQwz9xDRGfDST86whPBgM65E0OH/pCgqW0GBVzO22bNE+NuIbeTb714+IfSjU3aRk47EUvXIb5bTsenKA=="],

    "applesauce-factory/nostr-tools/@scure/base": ["@scure/base@1.1.1", "", {}, "sha512-ZxOhsSyxYwLJj3pLZCefNitxsj093tb2vq90mp2txoYeBqbcjDjqFhyM8eUjq/uFm6zJ+mUuqxlS2FkuSY1MTA=="],

    "applesauce-relay/nostr-tools/@noble/hashes": ["@noble/hashes@1.3.1", "", {}, "sha512-EbqwksQwz9xDRGfDST86whPBgM65E0OH/pCgqW0GBVzO22bNE+NuIbeTb714+IfSjU3aRk47EUvXIb5bTsenKA=="],

    "applesauce-relay/nostr-tools/@scure/base": ["@scure/base@1.1.1", "", {}, "sha512-ZxOhsSyxYwLJj3pLZCefNitxsj093tb2vq90mp2txoYeBqbcjDjqFhyM8eUjq/uFm6zJ+mUuqxlS2FkuSY1MTA=="],

    "applesauce-signers/nostr-tools/@noble/hashes": ["@noble/hashes@1.3.1", "", {}, "sha512-EbqwksQwz9xDRGfDST86whPBgM65E0OH/pCgqW0GBVzO22bNE+NuIbeTb714+IfSjU3aRk47EUvXIb5bTsenKA=="],

    "applesauce-signers/nostr-tools/@scure/base": ["@scure/base@1.1.1", "", {}, "sha512-ZxOhsSyxYwLJj3pLZCefNitxsj093tb2vq90mp2txoYeBqbcjDjqFhyM8eUjq/uFm6zJ+mUuqxlS2FkuSY1MTA=="],

    "applesauce-wallet-connect/nostr-tools/@noble/hashes": ["@noble/hashes@1.3.1", "", {}, "sha512-EbqwksQwz9xDRGfDST86whPBgM65E0OH/pCgqW0GBVzO22bNE+NuIbeTb714+IfSjU3aRk47EUvXIb5bTsenKA=="],

    "applesauce-wallet-connect/nostr-tools/@scure/base": ["@scure/base@1.1.1", "", {}, "sha512-ZxOhsSyxYwLJj3pLZCefNitxsj093tb2vq90mp2txoYeBqbcjDjqFhyM8eUjq/uFm6zJ+mUuqxlS2FkuSY1MTA=="],
  }
}
